
Microsoft Visual Studio Solution File, Format Version 12.00
# Visual Studio 15
VisualStudioVersion = 15.0.28010.2046
MinimumVisualStudioVersion = 10.0.40219.1
Project("{FAE04EC0-301F-11D3-BF4B-00C04F79EFBC}") = "Classes5", "Classes5\Classes5.csproj", "{59ACC5FA-53EA-4058-953D-7862F441F869}"
EndProject
Global
	GlobalSection(SolutionConfigurationPlatforms) = preSolution
		Debug|Any CPU = Debug|Any CPU
		Release|Any CPU = Release|Any CPU
	EndGlobalSection
	GlobalSection(ProjectConfigurationPlatforms) = postSolution
		{59ACC5FA-53EA-4058-953D-7862F441F869}.Debug|Any CPU.ActiveCfg = Debug|Any CPU
		{59ACC5FA-53EA-4058-953D-7862F441F869}.Debug|Any CPU.Build.0 = Debug|Any CPU
		{59ACC5FA-53EA-4058-953D-7862F441F869}.Release|Any CPU.ActiveCfg = Release|Any CPU
		{59ACC5FA-53EA-4058-953D-7862F441F869}.Release|Any CPU.Build.0 = Release|Any CPU
	EndGlobalSection
	GlobalSection(SolutionProperties) = preSolution
		HideSolutionNode = FALSE
	EndGlobalSection
	GlobalSection(ExtensibilityGlobals) = postSolution
		SolutionGuid = {52EF1096-EF6C-4709-80AB-A5D96A4B931B}
	EndGlobalSection
EndGlobal
